// !$*UTF8*$!
{
	archiveVersion = 1;
	classes = {
	};
	objectVersion = 46;
	objects = {

/* Begin PBXBuildFile section */
		2A0C0F231B9A476800B5C66A /* AppDelegate.swift in Sources */ = {isa = PBXBuildFile; fileRef = 2A0C0F221B9A476800B5C66A /* AppDelegate.swift */; };
		2A0C0F251B9A476800B5C66A /* ViewController.swift in Sources */ = {isa = PBXBuildFile; fileRef = 2A0C0F241B9A476800B5C66A /* ViewController.swift */; };
		2A0C0F281B9A476800B5C66A /* Main.storyboard in Resources */ = {isa = PBXBuildFile; fileRef = 2A0C0F261B9A476800B5C66A /* Main.storyboard */; };
		2A0C0F2A1B9A476800B5C66A /* Assets.xcassets in Resources */ = {isa = PBXBuildFile; fileRef = 2A0C0F291B9A476800B5C66A /* Assets.xcassets */; };
		2A0C0F2D1B9A476800B5C66A /* LaunchScreen.storyboard in Resources */ = {isa = PBXBuildFile; fileRef = 2A0C0F2B1B9A476800B5C66A /* LaunchScreen.storyboard */; };
		2A0C0F381B9A476800B5C66A /* BeastListTests.swift in Sources */ = {isa = PBXBuildFile; fileRef = 2A0C0F371B9A476800B5C66A /* BeastListTests.swift */; };
		2A0C0F431B9A476800B5C66A /* BeastListUITests.swift in Sources */ = {isa = PBXBuildFile; fileRef = 2A0C0F421B9A476800B5C66A /* BeastListUITests.swift */; };
/* End PBXBuildFile section */

/* Begin PBXContainerItemProxy section */
		2A0C0F341B9A476800B5C66A /* PBXContainerItemProxy */ = {
			isa = PBXContainerItemProxy;
			containerPortal = 2A0C0F171B9A476800B5C66A /* Project object */;
			proxyType = 1;
			remoteGlobalIDString = 2A0C0F1E1B9A476800B5C66A;
			remoteInfo = BeastList;
		};
		2A0C0F3F1B9A476800B5C66A /* PBXContainerItemProxy */ = {
			isa = PBXContainerItemProxy;
			containerPortal = 2A0C0F171B9A476800B5C66A /* Project object */;
			proxyType = 1;
			remoteGlobalIDString = 2A0C0F1E1B9A476800B5C66A;
			remoteInfo = BeastList;
		};
/* End PBXContainerItemProxy section */

/* Begin PBXFileReference section */
		2A0C0F1F1B9A476800B5C66A /* BeastList.app */ = {isa = PBXFileReference; explicitFileType = wrapper.application; includeInIndex = 0; path = BeastList.app; sourceTree = BUILT_PRODUCTS_DIR; };
		2A0C0F221B9A476800B5C66A /* AppDelegate.swift */ = {isa = PBXFileReference; lastKnownFileType = sourcecode.swift; path = AppDelegate.swift; sourceTree = "<group>"; };
		2A0C0F241B9A476800B5C66A /* ViewController.swift */ = {isa = PBXFileReference; lastKnownFileType = sourcecode.swift; path = ViewController.swift; sourceTree = "<group>"; };
		2A0C0F271B9A476800B5C66A /* Base */ = {isa = PBXFileReference; lastKnownFileType = file.storyboard; name = Base; path = Base.lproj/Main.storyboard; sourceTree = "<group>"; };
		2A0C0F291B9A476800B5C66A /* Assets.xcassets */ = {isa = PBXFileReference; lastKnownFileType = folder.assetcatalog; path = Assets.xcassets; sourceTree = "<group>"; };
		2A0C0F2C1B9A476800B5C66A /* Base */ = {isa = PBXFileReference; lastKnownFileType = file.storyboard; name = Base; path = Base.lproj/LaunchScreen.storyboard; sourceTree = "<group>"; };
		2A0C0F2E1B9A476800B5C66A /* Info.plist */ = {isa = PBXFileReference; lastKnownFileType = text.plist.xml; path = Info.plist; sourceTree = "<group>"; };
		2A0C0F331B9A476800B5C66A /* BeastListTests.xctest */ = {isa = PBXFileReference; explicitFileType = wrapper.cfbundle; includeInIndex = 0; path = BeastListTests.xctest; sourceTree = BUILT_PRODUCTS_DIR; };
		2A0C0F371B9A476800B5C66A /* BeastListTests.swift */ = {isa = PBXFileReference; lastKnownFileType = sourcecode.swift; path = BeastListTests.swift; sourceTree = "<group>"; };
		2A0C0F391B9A476800B5C66A /* Info.plist */ = {isa = PBXFileReference; lastKnownFileType = text.plist.xml; path = Info.plist; sourceTree = "<group>"; };
		2A0C0F3E1B9A476800B5C66A /* BeastListUITests.xctest */ = {isa = PBXFileReference; explicitFileType = wrapper.cfbundle; includeInIndex = 0; path = BeastListUITests.xctest; sourceTree = BUILT_PRODUCTS_DIR; };
		2A0C0F421B9A476800B5C66A /* BeastListUITests.swift */ = {isa = PBXFileReference; lastKnownFileType = sourcecode.swift; path = BeastListUITests.swift; sourceTree = "<group>"; };
		2A0C0F441B9A476800B5C66A /* Info.plist */ = {isa = PBXFileReference; lastKnownFileType = text.plist.xml; path = Info.plist; sourceTree = "<group>"; };
/* End PBXFileReference section */

/* Begin PBXFrameworksBuildPhase section */
		2A0C0F1C1B9A476800B5C66A /* Frameworks */ = {
			isa = PBXFrameworksBuildPhase;
			buildActionMask = 2147483647;
			files = (
			);
			runOnlyForDeploymentPostprocessing = 0;
		};
		2A0C0F301B9A476800B5C66A /* Frameworks */ = {
			isa = PBXFrameworksBuildPhase;
			buildActionMask = 2147483647;
			files = (
			);
			runOnlyForDeploymentPostprocessing = 0;
		};
		2A0C0F3B1B9A476800B5C66A /* Frameworks */ = {
			isa = PBXFrameworksBuildPhase;
			buildActionMask = 2147483647;
			files = (
			);
			runOnlyForDeploymentPostprocessing = 0;
		};
/* End PBXFrameworksBuildPhase section */

/* Begin PBXGroup section */
		2A0C0F161B9A476800B5C66A = {
			isa = PBXGroup;
			children = (
				2A0C0F211B9A476800B5C66A /* BeastList */,
				2A0C0F361B9A476800B5C66A /* BeastListTests */,
				2A0C0F411B9A476800B5C66A /* BeastListUITests */,
				2A0C0F201B9A476800B5C66A /* Products */,
			);
			sourceTree = "<group>";
		};
		2A0C0F201B9A476800B5C66A /* Products */ = {
			isa = PBXGroup;
			children = (
				2A0C0F1F1B9A476800B5C66A /* BeastList.app */,
				2A0C0F331B9A476800B5C66A /* BeastListTests.xctest */,
				2A0C0F3E1B9A476800B5C66A /* BeastListUITests.xctest */,
			);
			name = Products;
			sourceTree = "<group>";
		};
		2A0C0F211B9A476800B5C66A /* BeastList */ = {
			isa = PBXGroup;
			children = (
				2A0C0F221B9A476800B5C66A /* AppDelegate.swift */,
				2A0C0F241B9A476800B5C66A /* ViewController.swift */,
				2A0C0F261B9A476800B5C66A /* Main.storyboard */,
				2A0C0F291B9A476800B5C66A /* Assets.xcassets */,
				2A0C0F2B1B9A476800B5C66A /* LaunchScreen.storyboard */,
				2A0C0F2E1B9A476800B5C66A /* Info.plist */,
			);
			path = BeastList;
			sourceTree = "<group>";
		};
		2A0C0F361B9A476800B5C66A /* BeastListTests */ = {
			isa = PBXGroup;
			children = (
				2A0C0F371B9A476800B5C66A /* BeastListTests.swift */,
				2A0C0F391B9A476800B5C66A /* Info.plist */,
			);
			path = BeastListTests;
			sourceTree = "<group>";
		};
		2A0C0F411B9A476800B5C66A /* BeastListUITests */ = {
			isa = PBXGroup;
			children = (
				2A0C0F421B9A476800B5C66A /* BeastListUITests.swift */,
				2A0C0F441B9A476800B5C66A /* Info.plist */,
			);
			path = BeastListUITests;
			sourceTree = "<group>";
		};
/* End PBXGroup section */

/* Begin PBXNativeTarget section */
		2A0C0F1E1B9A476800B5C66A /* BeastList */ = {
			isa = PBXNativeTarget;
			buildConfigurationList = 2A0C0F471B9A476800B5C66A /* Build configuration list for PBXNativeTarget "BeastList" */;
			buildPhases = (
				2A0C0F1B1B9A476800B5C66A /* Sources */,
				2A0C0F1C1B9A476800B5C66A /* Frameworks */,
				2A0C0F1D1B9A476800B5C66A /* Resources */,
			);
			buildRules = (
			);
			dependencies = (
			);
			name = BeastList;
			productName = BeastList;
			productReference = 2A0C0F1F1B9A476800B5C66A /* BeastList.app */;
			productType = "com.apple.product-type.application";
		};
		2A0C0F321B9A476800B5C66A /* BeastListTests */ = {
			isa = PBXNativeTarget;
			buildConfigurationList = 2A0C0F4A1B9A476800B5C66A /* Build configuration list for PBXNativeTarget "BeastListTests" */;
			buildPhases = (
				2A0C0F2F1B9A476800B5C66A /* Sources */,
				2A0C0F301B9A476800B5C66A /* Frameworks */,
				2A0C0F311B9A476800B5C66A /* Resources */,
			);
			buildRules = (
			);
			dependencies = (
				2A0C0F351B9A476800B5C66A /* PBXTargetDependency */,
			);
			name = BeastListTests;
			productName = BeastListTests;
			productReference = 2A0C0F331B9A476800B5C66A /* BeastListTests.xctest */;
			productType = "com.apple.product-type.bundle.unit-test";
		};
		2A0C0F3D1B9A476800B5C66A /* BeastListUITests */ = {
			isa = PBXNativeTarget;
			buildConfigurationList = 2A0C0F4D1B9A476800B5C66A /* Build configuration list for PBXNativeTarget "BeastListUITests" */;
			buildPhases = (
				2A0C0F3A1B9A476800B5C66A /* Sources */,
				2A0C0F3B1B9A476800B5C66A /* Frameworks */,
				2A0C0F3C1B9A476800B5C66A /* Resources */,
			);
			buildRules = (
			);
			dependencies = (
				2A0C0F401B9A476800B5C66A /* PBXTargetDependency */,
			);
			name = BeastListUITests;
			productName = BeastListUITests;
			productReference = 2A0C0F3E1B9A476800B5C66A /* BeastListUITests.xctest */;
			productType = "com.apple.product-type.bundle.ui-testing";
		};
/* End PBXNativeTarget section */

/* Begin PBXProject section */
		2A0C0F171B9A476800B5C66A /* Project object */ = {
			isa = PBXProject;
			attributes = {
				LastUpgradeCheck = 0700;
				ORGANIZATIONNAME = "Vikash Loomba";
				TargetAttributes = {
					2A0C0F1E1B9A476800B5C66A = {
						CreatedOnToolsVersion = 7.0;
					};
					2A0C0F321B9A476800B5C66A = {
						CreatedOnToolsVersion = 7.0;
						TestTargetID = 2A0C0F1E1B9A476800B5C66A;
					};
					2A0C0F3D1B9A476800B5C66A = {
						CreatedOnToolsVersion = 7.0;
						TestTargetID = 2A0C0F1E1B9A476800B5C66A;
					};
				};
			};
			buildConfigurationList = 2A0C0F1A1B9A476800B5C66A /* Build configuration list for PBXProject "BeastList" */;
			compatibilityVersion = "Xcode 3.2";
			developmentRegion = English;
			hasScannedForEncodings = 0;
			knownRegions = (
				en,
				Base,
			);
			mainGroup = 2A0C0F161B9A476800B5C66A;
			productRefGroup = 2A0C0F201B9A476800B5C66A /* Products */;
			projectDirPath = "";
			projectRoot = "";
			targets = (
				2A0C0F1E1B9A476800B5C66A /* BeastList */,
				2A0C0F321B9A476800B5C66A /* BeastListTests */,
				2A0C0F3D1B9A476800B5C66A /* BeastListUITests */,
			);
		};
/* End PBXProject section */

/* Begin PBXResourcesBuildPhase section */
		2A0C0F1D1B9A476800B5C66A /* Resources */ = {
			isa = PBXResourcesBuildPhase;
			buildActionMask = 2147483647;
			files = (
				2A0C0F2D1B9A476800B5C66A /* LaunchScreen.storyboard in Resources */,
				2A0C0F2A1B9A476800B5C66A /* Assets.xcassets in Resources */,
				2A0C0F281B9A476800B5C66A /* Main.storyboard in Resources */,
			);
			runOnlyForDeploymentPostprocessing = 0;
		};
		2A0C0F311B9A476800B5C66A /* Resources */ = {
			isa = PBXResourcesBuildPhase;
			buildActionMask = 2147483647;
			files = (
			);
			runOnlyForDeploymentPostprocessing = 0;
		};
		2A0C0F3C1B9A476800B5C66A /* Resources */ = {
			isa = PBXResourcesBuildPhase;
			buildActionMask = 2147483647;
			files = (
			);
			runOnlyForDeploymentPostprocessing = 0;
		};
/* End PBXResourcesBuildPhase section */

/* Begin PBXSourcesBuildPhase section */
		2A0C0F1B1B9A476800B5C66A /* Sources */ = {
			isa = PBXSourcesBuildPhase;
			buildActionMask = 2147483647;
			files = (
				2A0C0F251B9A476800B5C66A /* ViewController.swift in Sources */,
				2A0C0F231B9A476800B5C66A /* AppDelegate.swift in Sources */,
			);
			runOnlyForDeploymentPostprocessing = 0;
		};
		2A0C0F2F1B9A476800B5C66A /* Sources */ = {
			isa = PBXSourcesBuildPhase;
			buildActionMask = 2147483647;
			files = (
				2A0C0F381B9A476800B5C66A /* BeastListTests.swift in Sources */,
			);
			runOnlyForDeploymentPostprocessing = 0;
		};
		2A0C0F3A1B9A476800B5C66A /* Sources */ = {
			isa = PBXSourcesBuildPhase;
			buildActionMask = 2147483647;
			files = (
				2A0C0F431B9A476800B5C66A /* BeastListUITests.swift in Sources */,
			);
			runOnlyForDeploymentPostprocessing = 0;
		};
/* End PBXSourcesBuildPhase section */

/* Begin PBXTargetDependency section */
		2A0C0F351B9A476800B5C66A /* PBXTargetDependency */ = {
			isa = PBXTargetDependency;
			target = 2A0C0F1E1B9A476800B5C66A /* BeastList */;
			targetProxy = 2A0C0F341B9A476800B5C66A /* PBXContainerItemProxy */;
		};
		2A0C0F401B9A476800B5C66A /* PBXTargetDependency */ = {
			isa = PBXTargetDependency;
			target = 2A0C0F1E1B9A476800B5C66A /* BeastList */;
			targetProxy = 2A0C0F3F1B9A476800B5C66A /* PBXContainerItemProxy */;
		};
/* End PBXTargetDependency section */

/* Begin PBXVariantGroup section */
		2A0C0F261B9A476800B5C66A /* Main.storyboard */ = {
			isa = PBXVariantGroup;
			children = (
				2A0C0F271B9A476800B5C66A /* Base */,
			);
			name = Main.storyboard;
			sourceTree = "<group>";
		};
		2A0C0F2B1B9A476800B5C66A /* LaunchScreen.storyboard */ = {
			isa = PBXVariantGroup;
			children = (
				2A0C0F2C1B9A476800B5C66A /* Base */,
			);
			name = LaunchScreen.storyboard;
			sourceTree = "<group>";
		};
/* End PBXVariantGroup section */

/* Begin XCBuildConfiguration section */
		2A0C0F451B9A476800B5C66A /* Debug */ = {
			isa = XCBuildConfiguration;
			buildSettings = {
				ALWAYS_SEARCH_USER_PATHS = NO;
				CLANG_CXX_LANGUAGE_STANDARD = "gnu++0x";
				CLANG_CXX_LIBRARY = "libc++";
				CLANG_ENABLE_MODULES = YES;
				CLANG_ENABLE_OBJC_ARC = YES;
				CLANG_WARN_BOOL_CONVERSION = YES;
				CLANG_WARN_CONSTANT_CONVERSION = YES;
				CLANG_WARN_DIRECT_OBJC_ISA_USAGE = YES_ERROR;
				CLANG_WARN_EMPTY_BODY = YES;
				CLANG_WARN_ENUM_CONVERSION = YES;
				CLANG_WARN_INT_CONVERSION = YES;
				CLANG_WARN_OBJC_ROOT_CLASS = YES_ERROR;
				CLANG_WARN_UNREACHABLE_CODE = YES;
				CLANG_WARN__DUPLICATE_METHOD_MATCH = YES;
				"CODE_SIGN_IDENTITY[sdk=iphoneos*]" = "iPhone Developer";
				COPY_PHASE_STRIP = NO;
				DEBUG_INFORMATION_FORMAT = dwarf;
				ENABLE_STRICT_OBJC_MSGSEND = YES;
				ENABLE_TESTABILITY = YES;
				GCC_C_LANGUAGE_STANDARD = gnu99;
				GCC_DYNAMIC_NO_PIC = NO;
				GCC_NO_COMMON_BLOCKS = YES;
				GCC_OPTIMIZATION_LEVEL = 0;
				GCC_PREPROCESSOR_DEFINITIONS = (
					"DEBUG=1",
					"$(inherited)",
				);
				GCC_WARN_64_TO_32_BIT_CONVERSION = YES;
				GCC_WARN_ABOUT_RETURN_TYPE = YES_ERROR;
				GCC_WARN_UNDECLARED_SELECTOR = YES;
				GCC_WARN_UNINITIALIZED_AUTOS = YES_AGGRESSIVE;
				GCC_WARN_UNUSED_FUNCTION = YES;
				GCC_WARN_UNUSED_VARIABLE = YES;
				IPHONEOS_DEPLOYMENT_TARGET = 9.0;
				MTL_ENABLE_DEBUG_INFO = YES;
				ONLY_ACTIVE_ARCH = YES;
				SDKROOT = iphoneos;
				SWIFT_OPTIMIZATION_LEVEL = "-Onone";
				TARGETED_DEVICE_FAMILY = "1,2";
			};
			name = Debug;
		};
		2A0C0F461B9A476800B5C66A /* Release */ = {
			isa = XCBuildConfiguration;
			buildSettings = {
				ALWAYS_SEARCH_USER_PATHS = NO;
				CLANG_CXX_LANGUAGE_STANDARD = "gnu++0x";
				CLANG_CXX_LIBRARY = "libc++";
				CLANG_ENABLE_MODULES = YES;
				CLANG_ENABLE_OBJC_ARC = YES;
				CLANG_WARN_BOOL_CONVERSION = YES;
				CLANG_WARN_CONSTANT_CONVERSION = YES;
				CLANG_WARN_DIRECT_OBJC_ISA_USAGE = YES_ERROR;
				CLANG_WARN_EMPTY_BODY = YES;
				CLANG_WARN_ENUM_CONVERSION = YES;
				CLANG_WARN_INT_CONVERSION = YES;
				CLANG_WARN_OBJC_ROOT_CLASS = YES_ERROR;
				CLANG_WARN_UNREACHABLE_CODE = YES;
				CLANG_WARN__DUPLICATE_METHOD_MATCH = YES;
				"CODE_SIGN_IDENTITY[sdk=iphoneos*]" = "iPhone Developer";
				COPY_PHASE_STRIP = NO;
				DEBUG_INFORMATION_FORMAT = "dwarf-with-dsym";
				ENABLE_NS_ASSERTIONS = NO;
				ENABLE_STRICT_OBJC_MSGSEND = YES;
				GCC_C_LANGUAGE_STANDARD = gnu99;
				GCC_NO_COMMON_BLOCKS = YES;
				GCC_WARN_64_TO_32_BIT_CONVERSION = YES;
				GCC_WARN_ABOUT_RETURN_TYPE = YES_ERROR;
				GCC_WARN_UNDECLARED_SELECTOR = YES;
				GCC_WARN_UNINITIALIZED_AUTOS = YES_AGGRESSIVE;
				GCC_WARN_UNUSED_FUNCTION = YES;
				GCC_WARN_UNUSED_VARIABLE = YES;
				IPHONEOS_DEPLOYMENT_TARGET = 9.0;
				MTL_ENABLE_DEBUG_INFO = NO;
				SDKROOT = iphoneos;
				TARGETED_DEVICE_FAMILY = "1,2";
				VALIDATE_PRODUCT = YES;
			};
			name = Release;
		};
		2A0C0F481B9A476800B5C66A /* Debug */ = {
			isa = XCBuildConfiguration;
			buildSettings = {
				ASSETCATALOG_COMPILER_APPICON_NAME = AppIcon;
				INFOPLIST_FILE = BeastList/Info.plist;
				LD_RUNPATH_SEARCH_PATHS = "$(inherited) @executable_path/Frameworks";
				PRODUCT_BUNDLE_IDENTIFIER = com.vikashloomba.BeastList;
				PRODUCT_NAME = "$(TARGET_NAME)";
			};
			name = Debug;
		};
		2A0C0F491B9A476800B5C66A /* Release */ = {
			isa = XCBuildConfiguration;
			buildSettings = {
				ASSETCATALOG_COMPILER_APPICON_NAME = AppIcon;
				INFOPLIST_FILE = BeastList/Info.plist;
				LD_RUNPATH_SEARCH_PATHS = "$(inherited) @executable_path/Frameworks";
				PRODUCT_BUNDLE_IDENTIFIER = com.vikashloomba.BeastList;
				PRODUCT_NAME = "$(TARGET_NAME)";
			};
			name = Release;
		};
		2A0C0F4B1B9A476800B5C66A /* Debug */ = {
			isa = XCBuildConfiguration;
			buildSettings = {
				BUNDLE_LOADER = "$(TEST_HOST)";
				INFOPLIST_FILE = BeastListTests/Info.plist;
				LD_RUNPATH_SEARCH_PATHS = "$(inherited) @executable_path/Frameworks @loader_path/Frameworks";
				PRODUCT_BUNDLE_IDENTIFIER = com.vikashloomba.BeastListTests;
				PRODUCT_NAME = "$(TARGET_NAME)";
				TEST_HOST = "$(BUILT_PRODUCTS_DIR)/BeastList.app/BeastList";
			};
			name = Debug;
		};
		2A0C0F4C1B9A476800B5C66A /* Release */ = {
			isa = XCBuildConfiguration;
			buildSettings = {
				BUNDLE_LOADER = "$(TEST_HOST)";
				INFOPLIST_FILE = BeastListTests/Info.plist;
				LD_RUNPATH_SEARCH_PATHS = "$(inherited) @executable_path/Frameworks @loader_path/Frameworks";
				PRODUCT_BUNDLE_IDENTIFIER = com.vikashloomba.BeastListTests;
				PRODUCT_NAME = "$(TARGET_NAME)";
				TEST_HOST = "$(BUILT_PRODUCTS_DIR)/BeastList.app/BeastList";
			};
			name = Release;
		};
		2A0C0F4E1B9A476800B5C66A /* Debug */ = {
			isa = XCBuildConfiguration;
			buildSettings = {
				INFOPLIST_FILE = BeastListUITests/Info.plist;
				LD_RUNPATH_SEARCH_PATHS = "$(inherited) @executable_path/Frameworks @loader_path/Frameworks";
				PRODUCT_BUNDLE_IDENTIFIER = com.vikashloomba.BeastListUITests;
				PRODUCT_NAME = "$(TARGET_NAME)";
				TEST_TARGET_NAME = BeastList;
				USES_XCTRUNNER = YES;
			};
			name = Debug;
		};
		2A0C0F4F1B9A476800B5C66A /* Release */ = {
			isa = XCBuildConfiguration;
			buildSettings = {
				INFOPLIST_FILE = BeastListUITests/Info.plist;
				LD_RUNPATH_SEARCH_PATHS = "$(inherited) @executable_path/Frameworks @loader_path/Frameworks";
				PRODUCT_BUNDLE_IDENTIFIER = com.vikashloomba.BeastListUITests;
				PRODUCT_NAME = "$(TARGET_NAME)";
				TEST_TARGET_NAME = BeastList;
				USES_XCTRUNNER = YES;
			};
			name = Release;
		};
/* End XCBuildConfiguration section */

/* Begin XCConfigurationList section */
		2A0C0F1A1B9A476800B5C66A /* Build configuration list for PBXProject "BeastList" */ = {
			isa = XCConfigurationList;
			buildConfigurations = (
				2A0C0F451B9A476800B5C66A /* Debug */,
				2A0C0F461B9A476800B5C66A /* Release */,
			);
			defaultConfigurationIsVisible = 0;
			defaultConfigurationName = Release;
		};
		2A0C0F471B9A476800B5C66A /* Build configuration list for PBXNativeTarget "BeastList" */ = {
			isa = XCConfigurationList;
			buildConfigurations = (
				2A0C0F481B9A476800B5C66A /* Debug */,
				2A0C0F491B9A476800B5C66A /* Release */,
			);
			defaultConfigurationIsVisible = 0;
		};
		2A0C0F4A1B9A476800B5C66A /* Build configuration list for PBXNativeTarget "BeastListTests" */ = {
			isa = XCConfigurationList;
			buildConfigurations = (
				2A0C0F4B1B9A476800B5C66A /* Debug */,
				2A0C0F4C1B9A476800B5C66A /* Release */,
			);
			defaultConfigurationIsVisible = 0;
		};
		2A0C0F4D1B9A476800B5C66A /* Build configuration list for PBXNativeTarget "BeastListUITests" */ = {
			isa = XCConfigurationList;
			buildConfigurations = (
				2A0C0F4E1B9A476800B5C66A /* Debug */,
				2A0C0F4F1B9A476800B5C66A /* Release */,
			);
			defaultConfigurationIsVisible = 0;
		};
/* End XCConfigurationList section */
	};
	rootObject = 2A0C0F171B9A476800B5C66A /* Project object */;
}
